
Microsoft Visual Studio Solution File, Format Version 12.00
# Visual Studio Version 16
VisualStudioVersion = 16.0.29613.14
MinimumVisualStudioVersion = 10.0.40219.1
Project("{FAE04EC0-301F-11D3-BF4B-00C04F79EFBC}") = "multiplicationcalculator", "multiplicationcalculator.csproj", "{B39C9A29-7174-4050-AB03-E3B09D348880}"
EndProject
Global
	GlobalSection(SolutionConfigurationPlatforms) = preSolution
		Debug|Any CPU = Debug|Any CPU
		Release|Any CPU = Release|Any CPU
	EndGlobalSection
	GlobalSection(ProjectConfigurationPlatforms) = postSolution
		{B39C9A29-7174-4050-AB03-E3B09D348880}.Debug|Any CPU.ActiveCfg = Debug|Any CPU
		{B39C9A29-7174-4050-AB03-E3B09D348880}.Debug|Any CPU.Build.0 = Debug|Any CPU
		{B39C9A29-7174-4050-AB03-E3B09D348880}.Release|Any CPU.ActiveCfg = Release|Any CPU
		{B39C9A29-7174-4050-AB03-E3B09D348880}.Release|Any CPU.Build.0 = Release|Any CPU
	EndGlobalSection
	GlobalSection(SolutionProperties) = preSolution
		HideSolutionNode = FALSE
	EndGlobalSection
	GlobalSection(ExtensibilityGlobals) = postSolution
		SolutionGuid = {B4ACFD09-2FBF-494B-A64A-63729105CC54}
	EndGlobalSection
EndGlobal
