
Microsoft Visual Studio Solution File, Format Version 12.00
# Visual Studio Version 16
VisualStudioVersion = 16.0.29613.14
MinimumVisualStudioVersion = 10.0.40219.1
Project("{FAE04EC0-301F-11D3-BF4B-00C04F79EFBC}") = "pseudo-game", "pseudo-game.csproj", "{B4041453-99EF-42A1-9A9B-0B5A9A527AE1}"
EndProject
Global
	GlobalSection(SolutionConfigurationPlatforms) = preSolution
		Debug|Any CPU = Debug|Any CPU
		Release|Any CPU = Release|Any CPU
	EndGlobalSection
	GlobalSection(ProjectConfigurationPlatforms) = postSolution
		{B4041453-99EF-42A1-9A9B-0B5A9A527AE1}.Debug|Any CPU.ActiveCfg = Debug|Any CPU
		{B4041453-99EF-42A1-9A9B-0B5A9A527AE1}.Debug|Any CPU.Build.0 = Debug|Any CPU
		{B4041453-99EF-42A1-9A9B-0B5A9A527AE1}.Release|Any CPU.ActiveCfg = Release|Any CPU
		{B4041453-99EF-42A1-9A9B-0B5A9A527AE1}.Release|Any CPU.Build.0 = Release|Any CPU
	EndGlobalSection
	GlobalSection(SolutionProperties) = preSolution
		HideSolutionNode = FALSE
	EndGlobalSection
	GlobalSection(ExtensibilityGlobals) = postSolution
		SolutionGuid = {CB282513-C6B0-46D0-AEE6-BC1F2FE79BC8}
	EndGlobalSection
EndGlobal
