
Microsoft Visual Studio Solution File, Format Version 12.00
# Visual Studio Version 16
VisualStudioVersion = 16.0.29613.14
MinimumVisualStudioVersion = 10.0.40219.1
Project("{FAE04EC0-301F-11D3-BF4B-00C04F79EFBC}") = "multidimensionalarray", "multidimensionalarray.csproj", "{254BCA61-30C9-4375-BC04-83A894B6F0EA}"
EndProject
Global
	GlobalSection(SolutionConfigurationPlatforms) = preSolution
		Debug|Any CPU = Debug|Any CPU
		Release|Any CPU = Release|Any CPU
	EndGlobalSection
	GlobalSection(ProjectConfigurationPlatforms) = postSolution
		{254BCA61-30C9-4375-BC04-83A894B6F0EA}.Debug|Any CPU.ActiveCfg = Debug|Any CPU
		{254BCA61-30C9-4375-BC04-83A894B6F0EA}.Debug|Any CPU.Build.0 = Debug|Any CPU
		{254BCA61-30C9-4375-BC04-83A894B6F0EA}.Release|Any CPU.ActiveCfg = Release|Any CPU
		{254BCA61-30C9-4375-BC04-83A894B6F0EA}.Release|Any CPU.Build.0 = Release|Any CPU
	EndGlobalSection
	GlobalSection(SolutionProperties) = preSolution
		HideSolutionNode = FALSE
	EndGlobalSection
	GlobalSection(ExtensibilityGlobals) = postSolution
		SolutionGuid = {4B6447F7-6877-4409-8C5E-BCDA3A1DAF72}
	EndGlobalSection
EndGlobal
