
Microsoft Visual Studio Solution File, Format Version 12.00
# Visual Studio Version 16
VisualStudioVersion = 16.0.29613.14
MinimumVisualStudioVersion = 10.0.40219.1
Project("{FAE04EC0-301F-11D3-BF4B-00C04F79EFBC}") = "date", "date.csproj", "{8A44BD94-FFBC-46D2-AD47-9B023A7E270E}"
EndProject
Global
	GlobalSection(SolutionConfigurationPlatforms) = preSolution
		Debug|Any CPU = Debug|Any CPU
		Release|Any CPU = Release|Any CPU
	EndGlobalSection
	GlobalSection(ProjectConfigurationPlatforms) = postSolution
		{8A44BD94-FFBC-46D2-AD47-9B023A7E270E}.Debug|Any CPU.ActiveCfg = Debug|Any CPU
		{8A44BD94-FFBC-46D2-AD47-9B023A7E270E}.Debug|Any CPU.Build.0 = Debug|Any CPU
		{8A44BD94-FFBC-46D2-AD47-9B023A7E270E}.Release|Any CPU.ActiveCfg = Release|Any CPU
		{8A44BD94-FFBC-46D2-AD47-9B023A7E270E}.Release|Any CPU.Build.0 = Release|Any CPU
	EndGlobalSection
	GlobalSection(SolutionProperties) = preSolution
		HideSolutionNode = FALSE
	EndGlobalSection
	GlobalSection(ExtensibilityGlobals) = postSolution
		SolutionGuid = {D98FAB24-11DF-4502-BD29-1D5578118164}
	EndGlobalSection
EndGlobal
