
Microsoft Visual Studio Solution File, Format Version 12.00
# Visual Studio Version 16
VisualStudioVersion = 16.0.29613.14
MinimumVisualStudioVersion = 10.0.40219.1
Project("{9A19103F-16F7-4668-BE54-9A1E7A4F7556}") = "FirstConsoleProject1", "FirstConsoleProject1.csproj", "{6C4AEA2A-AEF4-4809-91E5-79F86AE7FF59}"
EndProject
Global
	GlobalSection(SolutionConfigurationPlatforms) = preSolution
		Debug|Any CPU = Debug|Any CPU
		Release|Any CPU = Release|Any CPU
		splitcalculator|Any CPU = splitcalculator|Any CPU
	EndGlobalSection
	GlobalSection(ProjectConfigurationPlatforms) = postSolution
		{6C4AEA2A-AEF4-4809-91E5-79F86AE7FF59}.Debug|Any CPU.ActiveCfg = Debug|Any CPU
		{6C4AEA2A-AEF4-4809-91E5-79F86AE7FF59}.Debug|Any CPU.Build.0 = Debug|Any CPU
		{6C4AEA2A-AEF4-4809-91E5-79F86AE7FF59}.Release|Any CPU.ActiveCfg = Release|Any CPU
		{6C4AEA2A-AEF4-4809-91E5-79F86AE7FF59}.Release|Any CPU.Build.0 = Release|Any CPU
		{6C4AEA2A-AEF4-4809-91E5-79F86AE7FF59}.splitcalculator|Any CPU.ActiveCfg = splitcalculator|Any CPU
		{6C4AEA2A-AEF4-4809-91E5-79F86AE7FF59}.splitcalculator|Any CPU.Build.0 = splitcalculator|Any CPU
	EndGlobalSection
	GlobalSection(SolutionProperties) = preSolution
		HideSolutionNode = FALSE
	EndGlobalSection
	GlobalSection(ExtensibilityGlobals) = postSolution
		SolutionGuid = {1D8A1317-39E9-4C66-833D-A2315A0E408A}
	EndGlobalSection
EndGlobal
