
Microsoft Visual Studio Solution File, Format Version 12.00
# Visual Studio Version 16
VisualStudioVersion = 16.0.29613.14
MinimumVisualStudioVersion = 10.0.40219.1
Project("{FAE04EC0-301F-11D3-BF4B-00C04F79EFBC}") = "pseudo-game-2", "pseudo-game-2.csproj", "{F10F62AE-775D-4CDB-86A9-6881F0F6470B}"
EndProject
Global
	GlobalSection(SolutionConfigurationPlatforms) = preSolution
		Debug|Any CPU = Debug|Any CPU
		Release|Any CPU = Release|Any CPU
	EndGlobalSection
	GlobalSection(ProjectConfigurationPlatforms) = postSolution
		{F10F62AE-775D-4CDB-86A9-6881F0F6470B}.Debug|Any CPU.ActiveCfg = Debug|Any CPU
		{F10F62AE-775D-4CDB-86A9-6881F0F6470B}.Debug|Any CPU.Build.0 = Debug|Any CPU
		{F10F62AE-775D-4CDB-86A9-6881F0F6470B}.Release|Any CPU.ActiveCfg = Release|Any CPU
		{F10F62AE-775D-4CDB-86A9-6881F0F6470B}.Release|Any CPU.Build.0 = Release|Any CPU
	EndGlobalSection
	GlobalSection(SolutionProperties) = preSolution
		HideSolutionNode = FALSE
	EndGlobalSection
	GlobalSection(ExtensibilityGlobals) = postSolution
		SolutionGuid = {5F4321CF-389F-4BFF-B128-CD1828F1D438}
	EndGlobalSection
EndGlobal
