
Microsoft Visual Studio Solution File, Format Version 12.00
# Visual Studio Version 16
VisualStudioVersion = 16.0.29613.14
MinimumVisualStudioVersion = 10.0.40219.1
Project("{FAE04EC0-301F-11D3-BF4B-00C04F79EFBC}") = "numeros", "numeros.csproj", "{D42A3DD2-319B-4B2B-8A58-E425D9A287AC}"
EndProject
Global
	GlobalSection(SolutionConfigurationPlatforms) = preSolution
		Debug|Any CPU = Debug|Any CPU
		Release|Any CPU = Release|Any CPU
	EndGlobalSection
	GlobalSection(ProjectConfigurationPlatforms) = postSolution
		{D42A3DD2-319B-4B2B-8A58-E425D9A287AC}.Debug|Any CPU.ActiveCfg = Debug|Any CPU
		{D42A3DD2-319B-4B2B-8A58-E425D9A287AC}.Debug|Any CPU.Build.0 = Debug|Any CPU
		{D42A3DD2-319B-4B2B-8A58-E425D9A287AC}.Release|Any CPU.ActiveCfg = Release|Any CPU
		{D42A3DD2-319B-4B2B-8A58-E425D9A287AC}.Release|Any CPU.Build.0 = Release|Any CPU
	EndGlobalSection
	GlobalSection(SolutionProperties) = preSolution
		HideSolutionNode = FALSE
	EndGlobalSection
	GlobalSection(ExtensibilityGlobals) = postSolution
		SolutionGuid = {85FFE10D-F1D8-4834-9C64-7967B82C5559}
	EndGlobalSection
EndGlobal
