
Microsoft Visual Studio Solution File, Format Version 12.00
# Visual Studio Version 16
VisualStudioVersion = 16.0.29613.14
MinimumVisualStudioVersion = 10.0.40219.1
Project("{FAE04EC0-301F-11D3-BF4B-00C04F79EFBC}") = "names", "names.csproj", "{C604D5D9-6F0E-4AD0-90FF-87FF327DDB65}"
EndProject
Global
	GlobalSection(SolutionConfigurationPlatforms) = preSolution
		Debug|Any CPU = Debug|Any CPU
		Release|Any CPU = Release|Any CPU
	EndGlobalSection
	GlobalSection(ProjectConfigurationPlatforms) = postSolution
		{C604D5D9-6F0E-4AD0-90FF-87FF327DDB65}.Debug|Any CPU.ActiveCfg = Debug|Any CPU
		{C604D5D9-6F0E-4AD0-90FF-87FF327DDB65}.Debug|Any CPU.Build.0 = Debug|Any CPU
		{C604D5D9-6F0E-4AD0-90FF-87FF327DDB65}.Release|Any CPU.ActiveCfg = Release|Any CPU
		{C604D5D9-6F0E-4AD0-90FF-87FF327DDB65}.Release|Any CPU.Build.0 = Release|Any CPU
	EndGlobalSection
	GlobalSection(SolutionProperties) = preSolution
		HideSolutionNode = FALSE
	EndGlobalSection
	GlobalSection(ExtensibilityGlobals) = postSolution
		SolutionGuid = {FC7B5C6E-C232-4E06-B18F-EAACA571B735}
	EndGlobalSection
EndGlobal
