
Microsoft Visual Studio Solution File, Format Version 12.00
# Visual Studio Version 16
VisualStudioVersion = 16.0.29613.14
MinimumVisualStudioVersion = 10.0.40219.1
Project("{FAE04EC0-301F-11D3-BF4B-00C04F79EFBC}") = "age", "age.csproj", "{1385AD72-38D6-49BF-BFD3-28FF85F8B628}"
EndProject
Global
	GlobalSection(SolutionConfigurationPlatforms) = preSolution
		Debug|Any CPU = Debug|Any CPU
		Release|Any CPU = Release|Any CPU
	EndGlobalSection
	GlobalSection(ProjectConfigurationPlatforms) = postSolution
		{1385AD72-38D6-49BF-BFD3-28FF85F8B628}.Debug|Any CPU.ActiveCfg = Debug|Any CPU
		{1385AD72-38D6-49BF-BFD3-28FF85F8B628}.Debug|Any CPU.Build.0 = Debug|Any CPU
		{1385AD72-38D6-49BF-BFD3-28FF85F8B628}.Release|Any CPU.ActiveCfg = Release|Any CPU
		{1385AD72-38D6-49BF-BFD3-28FF85F8B628}.Release|Any CPU.Build.0 = Release|Any CPU
	EndGlobalSection
	GlobalSection(SolutionProperties) = preSolution
		HideSolutionNode = FALSE
	EndGlobalSection
	GlobalSection(ExtensibilityGlobals) = postSolution
		SolutionGuid = {38229979-B385-4DB8-8A6B-08A954937894}
	EndGlobalSection
EndGlobal
